
Microsoft Visual Studio Solution File, Format Version 12.00
Project("{2150E333-8FDC-42A3-9474-1A3956D46DE8}") = "Services", "Services", "{6C335CAA-662E-4530-A01D-BA9CE531FA86}"
EndProject
Project("{2150E333-8FDC-42A3-9474-1A3956D46DE8}") = "Catalog", "Catalog", "{DC384D16-A0FD-4F2E-B00C-22F8F0AA5DCB}"
EndProject
Project("{FAE04EC0-301F-11D3-BF4B-00C04F79EFBC}") = "Catalog.API", "Services\Catalog\Catalog.API\Catalog.API.csproj", "{4E21989B-AEE8-4B74-A789-C4C9F0D578A9}"
EndProject
Project("{FAE04EC0-301F-11D3-BF4B-00C04F79EFBC}") = "Catalog.Core", "Services\Catalog\Catalog.Core\Catalog.Core.csproj", "{E4227467-A231-428E-82AC-C23A1BBEB8F5}"
EndProject
Project("{FAE04EC0-301F-11D3-BF4B-00C04F79EFBC}") = "Catalog.Application", "Services\Catalog\Catalog.Application\Catalog.Application.csproj", "{4618349C-DE02-42A4-8272-A190A0824F92}"
EndProject
Project("{FAE04EC0-301F-11D3-BF4B-00C04F79EFBC}") = "Catalog.Infrastructure", "Services\Catalog\Catalog.Infrastructure\Catalog.Infrastructure.csproj", "{05152392-73B4-45DE-9864-1F5DB6BDC97E}"
EndProject
Project("{E53339B2-1760-4266-BCC7-CA923CBCF16C}") = "docker-compose", "docker-compose.dcproj", "{A92412CF-0A07-452C-9DCF-EF3F436F8FA8}"
EndProject
Project("{2150E333-8FDC-42A3-9474-1A3956D46DE8}") = "Basket", "Basket", "{1D70DC7D-FC82-4780-8EB9-07F584E113C0}"
EndProject
Project("{FAE04EC0-301F-11D3-BF4B-00C04F79EFBC}") = "Basket.API", "Services\Basket\Basket.API\Basket.API.csproj", "{54E79679-FCA4-4628-B76E-34F7B9B1D183}"
EndProject
Project("{FAE04EC0-301F-11D3-BF4B-00C04F79EFBC}") = "Basket.Application", "Services\Basket\Basket.Application\Basket.Application.csproj", "{E121397C-E595-4638-9904-74586CA02C6D}"
EndProject
Project("{FAE04EC0-301F-11D3-BF4B-00C04F79EFBC}") = "Basket.Core", "Services\Basket\Basket.Core\Basket.Core.csproj", "{5A0288BC-F70D-4915-B7E9-5A266C7A8797}"
EndProject
Project("{FAE04EC0-301F-11D3-BF4B-00C04F79EFBC}") = "Basket.Infrastructure", "Services\Basket\Basket.Infrastructure\Basket.Infrastructure.csproj", "{2274028D-6F5F-4FCC-922B-E56145642C9C}"
EndProject
Project("{2150E333-8FDC-42A3-9474-1A3956D46DE8}") = "Discount", "Discount", "{515DCCDD-81A6-43DB-9D4C-DAC9680175A2}"
EndProject
Project("{FAE04EC0-301F-11D3-BF4B-00C04F79EFBC}") = "Discount.API", "Services\Discount\Discount.API\Discount.API.csproj", "{7DB3BA88-8FCD-4D43-8B8F-05D73C35F8DC}"
EndProject
Project("{FAE04EC0-301F-11D3-BF4B-00C04F79EFBC}") = "Discount.Core", "Services\Discount\Discount.Core\Discount.Core.csproj", "{7AE5B87D-9B04-4652-880B-8640A2C4B229}"
EndProject
Project("{FAE04EC0-301F-11D3-BF4B-00C04F79EFBC}") = "Discount.Application", "Services\Discount\Discount.Application\Discount.Application.csproj", "{89ABD70D-0663-4FEA-A43D-485816A1FBAD}"
EndProject
Project("{FAE04EC0-301F-11D3-BF4B-00C04F79EFBC}") = "Discount.Infrastructure", "Services\Discount\Discount.Infrastructure\Discount.Infrastructure.csproj", "{9E329379-AE49-43D8-A5AF-7DB76EA168EE}"
EndProject
Project("{2150E333-8FDC-42A3-9474-1A3956D46DE8}") = "Ordering", "Ordering", "{683224F7-1F8E-4561-8764-CA8ACCC3B5F7}"
EndProject
Project("{FAE04EC0-301F-11D3-BF4B-00C04F79EFBC}") = "Ordering.API", "Services\Ordering\Ordering.API\Ordering.API.csproj", "{37EDD75D-EAD0-451E-B2DE-A8D5D0CE43B5}"
EndProject
Project("{FAE04EC0-301F-11D3-BF4B-00C04F79EFBC}") = "Ordering.Core", "Services\Ordering\Ordering.Core\Ordering.Core.csproj", "{34B37F8B-73AA-4A0D-BA8C-3B0FC213D1B9}"
EndProject
Project("{FAE04EC0-301F-11D3-BF4B-00C04F79EFBC}") = "Ordering.Application", "Services\Ordering\Ordering.Application\Ordering.Application.csproj", "{82DA2266-77CB-4989-891A-6C16699E0EBB}"
EndProject
Project("{FAE04EC0-301F-11D3-BF4B-00C04F79EFBC}") = "Ordering.Infrastructure", "Services\Ordering\Ordering.Infrastructure\Ordering.Infrastructure.csproj", "{84E9E1F8-D8AC-4DF7-943F-E0278CF9653F}"
EndProject
Project("{2150E333-8FDC-42A3-9474-1A3956D46DE8}") = "Infrasctructure", "Infrasctructure", "{669BBD0F-6882-4FFD-83DA-8AE53EC5DC2D}"
EndProject
Project("{FAE04EC0-301F-11D3-BF4B-00C04F79EFBC}") = "EventBus.Messages", "Infrastructure\EventBus.Messages\EventBus.Messages.csproj", "{1C4F2B99-DDF2-4F6D-8E6A-BA9B21CE969A}"
EndProject
Project("{2150E333-8FDC-42A3-9474-1A3956D46DE8}") = "ApiGateways", "ApiGateways", "{34923540-11E2-4969-B647-9F7B1376568A}"
EndProject
Project("{FAE04EC0-301F-11D3-BF4B-00C04F79EFBC}") = "Ocelot.ApiGateway", "ApiGateways\Ocelot.ApiGateway\Ocelot.ApiGateway.csproj", "{EAC4638B-875F-45C8-821A-8B0C174F9AA1}"
EndProject
Global
	GlobalSection(SolutionConfigurationPlatforms) = preSolution
		Debug|Any CPU = Debug|Any CPU
		Release|Any CPU = Release|Any CPU
	EndGlobalSection
	GlobalSection(NestedProjects) = preSolution
		{DC384D16-A0FD-4F2E-B00C-22F8F0AA5DCB} = {6C335CAA-662E-4530-A01D-BA9CE531FA86}
		{4E21989B-AEE8-4B74-A789-C4C9F0D578A9} = {DC384D16-A0FD-4F2E-B00C-22F8F0AA5DCB}
		{E4227467-A231-428E-82AC-C23A1BBEB8F5} = {DC384D16-A0FD-4F2E-B00C-22F8F0AA5DCB}
		{4618349C-DE02-42A4-8272-A190A0824F92} = {DC384D16-A0FD-4F2E-B00C-22F8F0AA5DCB}
		{05152392-73B4-45DE-9864-1F5DB6BDC97E} = {DC384D16-A0FD-4F2E-B00C-22F8F0AA5DCB}
		{1D70DC7D-FC82-4780-8EB9-07F584E113C0} = {6C335CAA-662E-4530-A01D-BA9CE531FA86}
		{54E79679-FCA4-4628-B76E-34F7B9B1D183} = {1D70DC7D-FC82-4780-8EB9-07F584E113C0}
		{E121397C-E595-4638-9904-74586CA02C6D} = {1D70DC7D-FC82-4780-8EB9-07F584E113C0}
		{5A0288BC-F70D-4915-B7E9-5A266C7A8797} = {1D70DC7D-FC82-4780-8EB9-07F584E113C0}
		{2274028D-6F5F-4FCC-922B-E56145642C9C} = {1D70DC7D-FC82-4780-8EB9-07F584E113C0}
		{515DCCDD-81A6-43DB-9D4C-DAC9680175A2} = {6C335CAA-662E-4530-A01D-BA9CE531FA86}
		{7DB3BA88-8FCD-4D43-8B8F-05D73C35F8DC} = {515DCCDD-81A6-43DB-9D4C-DAC9680175A2}
		{7AE5B87D-9B04-4652-880B-8640A2C4B229} = {515DCCDD-81A6-43DB-9D4C-DAC9680175A2}
		{89ABD70D-0663-4FEA-A43D-485816A1FBAD} = {515DCCDD-81A6-43DB-9D4C-DAC9680175A2}
		{9E329379-AE49-43D8-A5AF-7DB76EA168EE} = {515DCCDD-81A6-43DB-9D4C-DAC9680175A2}
		{683224F7-1F8E-4561-8764-CA8ACCC3B5F7} = {6C335CAA-662E-4530-A01D-BA9CE531FA86}
		{37EDD75D-EAD0-451E-B2DE-A8D5D0CE43B5} = {683224F7-1F8E-4561-8764-CA8ACCC3B5F7}
		{34B37F8B-73AA-4A0D-BA8C-3B0FC213D1B9} = {683224F7-1F8E-4561-8764-CA8ACCC3B5F7}
		{82DA2266-77CB-4989-891A-6C16699E0EBB} = {683224F7-1F8E-4561-8764-CA8ACCC3B5F7}
		{84E9E1F8-D8AC-4DF7-943F-E0278CF9653F} = {683224F7-1F8E-4561-8764-CA8ACCC3B5F7}
		{1C4F2B99-DDF2-4F6D-8E6A-BA9B21CE969A} = {669BBD0F-6882-4FFD-83DA-8AE53EC5DC2D}
		{EAC4638B-875F-45C8-821A-8B0C174F9AA1} = {34923540-11E2-4969-B647-9F7B1376568A}
	EndGlobalSection
	GlobalSection(ProjectConfigurationPlatforms) = postSolution
		{4E21989B-AEE8-4B74-A789-C4C9F0D578A9}.Debug|Any CPU.ActiveCfg = Debug|Any CPU
		{4E21989B-AEE8-4B74-A789-C4C9F0D578A9}.Debug|Any CPU.Build.0 = Debug|Any CPU
		{4E21989B-AEE8-4B74-A789-C4C9F0D578A9}.Release|Any CPU.ActiveCfg = Release|Any CPU
		{4E21989B-AEE8-4B74-A789-C4C9F0D578A9}.Release|Any CPU.Build.0 = Release|Any CPU
		{E4227467-A231-428E-82AC-C23A1BBEB8F5}.Debug|Any CPU.ActiveCfg = Debug|Any CPU
		{E4227467-A231-428E-82AC-C23A1BBEB8F5}.Debug|Any CPU.Build.0 = Debug|Any CPU
		{E4227467-A231-428E-82AC-C23A1BBEB8F5}.Release|Any CPU.ActiveCfg = Release|Any CPU
		{E4227467-A231-428E-82AC-C23A1BBEB8F5}.Release|Any CPU.Build.0 = Release|Any CPU
		{4618349C-DE02-42A4-8272-A190A0824F92}.Debug|Any CPU.ActiveCfg = Debug|Any CPU
		{4618349C-DE02-42A4-8272-A190A0824F92}.Debug|Any CPU.Build.0 = Debug|Any CPU
		{4618349C-DE02-42A4-8272-A190A0824F92}.Release|Any CPU.ActiveCfg = Release|Any CPU
		{4618349C-DE02-42A4-8272-A190A0824F92}.Release|Any CPU.Build.0 = Release|Any CPU
		{05152392-73B4-45DE-9864-1F5DB6BDC97E}.Debug|Any CPU.ActiveCfg = Debug|Any CPU
		{05152392-73B4-45DE-9864-1F5DB6BDC97E}.Debug|Any CPU.Build.0 = Debug|Any CPU
		{05152392-73B4-45DE-9864-1F5DB6BDC97E}.Release|Any CPU.ActiveCfg = Release|Any CPU
		{05152392-73B4-45DE-9864-1F5DB6BDC97E}.Release|Any CPU.Build.0 = Release|Any CPU
		{3BBDA44A-8413-43EC-A342-09E5521C91AF}.Debug|Any CPU.ActiveCfg = Debug|Any CPU
		{3BBDA44A-8413-43EC-A342-09E5521C91AF}.Debug|Any CPU.Build.0 = Debug|Any CPU
		{3BBDA44A-8413-43EC-A342-09E5521C91AF}.Release|Any CPU.ActiveCfg = Release|Any CPU
		{3BBDA44A-8413-43EC-A342-09E5521C91AF}.Release|Any CPU.Build.0 = Release|Any CPU
		{53C160CB-B5CB-434B-A479-5F74ED2EA0B7}.Debug|Any CPU.ActiveCfg = Debug|Any CPU
		{53C160CB-B5CB-434B-A479-5F74ED2EA0B7}.Debug|Any CPU.Build.0 = Debug|Any CPU
		{53C160CB-B5CB-434B-A479-5F74ED2EA0B7}.Release|Any CPU.ActiveCfg = Release|Any CPU
		{53C160CB-B5CB-434B-A479-5F74ED2EA0B7}.Release|Any CPU.Build.0 = Release|Any CPU
		{3A1B583F-A169-4628-AD99-B5B081F64299}.Debug|Any CPU.ActiveCfg = Debug|Any CPU
		{3A1B583F-A169-4628-AD99-B5B081F64299}.Debug|Any CPU.Build.0 = Debug|Any CPU
		{3A1B583F-A169-4628-AD99-B5B081F64299}.Release|Any CPU.ActiveCfg = Release|Any CPU
		{3A1B583F-A169-4628-AD99-B5B081F64299}.Release|Any CPU.Build.0 = Release|Any CPU
		{AB11F7CD-1C73-438E-8EF1-E44CCBDF1755}.Debug|Any CPU.ActiveCfg = Debug|Any CPU
		{AB11F7CD-1C73-438E-8EF1-E44CCBDF1755}.Debug|Any CPU.Build.0 = Debug|Any CPU
		{AB11F7CD-1C73-438E-8EF1-E44CCBDF1755}.Release|Any CPU.ActiveCfg = Release|Any CPU
		{AB11F7CD-1C73-438E-8EF1-E44CCBDF1755}.Release|Any CPU.Build.0 = Release|Any CPU
		{54E79679-FCA4-4628-B76E-34F7B9B1D183}.Debug|Any CPU.ActiveCfg = Debug|Any CPU
		{54E79679-FCA4-4628-B76E-34F7B9B1D183}.Debug|Any CPU.Build.0 = Debug|Any CPU
		{54E79679-FCA4-4628-B76E-34F7B9B1D183}.Release|Any CPU.ActiveCfg = Release|Any CPU
		{54E79679-FCA4-4628-B76E-34F7B9B1D183}.Release|Any CPU.Build.0 = Release|Any CPU
		{E121397C-E595-4638-9904-74586CA02C6D}.Debug|Any CPU.ActiveCfg = Debug|Any CPU
		{E121397C-E595-4638-9904-74586CA02C6D}.Debug|Any CPU.Build.0 = Debug|Any CPU
		{E121397C-E595-4638-9904-74586CA02C6D}.Release|Any CPU.ActiveCfg = Release|Any CPU
		{E121397C-E595-4638-9904-74586CA02C6D}.Release|Any CPU.Build.0 = Release|Any CPU
		{5A0288BC-F70D-4915-B7E9-5A266C7A8797}.Debug|Any CPU.ActiveCfg = Debug|Any CPU
		{5A0288BC-F70D-4915-B7E9-5A266C7A8797}.Debug|Any CPU.Build.0 = Debug|Any CPU
		{5A0288BC-F70D-4915-B7E9-5A266C7A8797}.Release|Any CPU.ActiveCfg = Release|Any CPU
		{5A0288BC-F70D-4915-B7E9-5A266C7A8797}.Release|Any CPU.Build.0 = Release|Any CPU
		{2274028D-6F5F-4FCC-922B-E56145642C9C}.Debug|Any CPU.ActiveCfg = Debug|Any CPU
		{2274028D-6F5F-4FCC-922B-E56145642C9C}.Debug|Any CPU.Build.0 = Debug|Any CPU
		{2274028D-6F5F-4FCC-922B-E56145642C9C}.Release|Any CPU.ActiveCfg = Release|Any CPU
		{2274028D-6F5F-4FCC-922B-E56145642C9C}.Release|Any CPU.Build.0 = Release|Any CPU
		{7DB3BA88-8FCD-4D43-8B8F-05D73C35F8DC}.Debug|Any CPU.ActiveCfg = Debug|Any CPU
		{7DB3BA88-8FCD-4D43-8B8F-05D73C35F8DC}.Debug|Any CPU.Build.0 = Debug|Any CPU
		{7DB3BA88-8FCD-4D43-8B8F-05D73C35F8DC}.Release|Any CPU.ActiveCfg = Release|Any CPU
		{7DB3BA88-8FCD-4D43-8B8F-05D73C35F8DC}.Release|Any CPU.Build.0 = Release|Any CPU
		{7AE5B87D-9B04-4652-880B-8640A2C4B229}.Debug|Any CPU.ActiveCfg = Debug|Any CPU
		{7AE5B87D-9B04-4652-880B-8640A2C4B229}.Debug|Any CPU.Build.0 = Debug|Any CPU
		{7AE5B87D-9B04-4652-880B-8640A2C4B229}.Release|Any CPU.ActiveCfg = Release|Any CPU
		{7AE5B87D-9B04-4652-880B-8640A2C4B229}.Release|Any CPU.Build.0 = Release|Any CPU
		{89ABD70D-0663-4FEA-A43D-485816A1FBAD}.Debug|Any CPU.ActiveCfg = Debug|Any CPU
		{89ABD70D-0663-4FEA-A43D-485816A1FBAD}.Debug|Any CPU.Build.0 = Debug|Any CPU
		{89ABD70D-0663-4FEA-A43D-485816A1FBAD}.Release|Any CPU.ActiveCfg = Release|Any CPU
		{89ABD70D-0663-4FEA-A43D-485816A1FBAD}.Release|Any CPU.Build.0 = Release|Any CPU
		{9E329379-AE49-43D8-A5AF-7DB76EA168EE}.Debug|Any CPU.ActiveCfg = Debug|Any CPU
		{9E329379-AE49-43D8-A5AF-7DB76EA168EE}.Debug|Any CPU.Build.0 = Debug|Any CPU
		{9E329379-AE49-43D8-A5AF-7DB76EA168EE}.Release|Any CPU.ActiveCfg = Release|Any CPU
		{9E329379-AE49-43D8-A5AF-7DB76EA168EE}.Release|Any CPU.Build.0 = Release|Any CPU
		{37EDD75D-EAD0-451E-B2DE-A8D5D0CE43B5}.Debug|Any CPU.ActiveCfg = Debug|Any CPU
		{37EDD75D-EAD0-451E-B2DE-A8D5D0CE43B5}.Debug|Any CPU.Build.0 = Debug|Any CPU
		{37EDD75D-EAD0-451E-B2DE-A8D5D0CE43B5}.Release|Any CPU.ActiveCfg = Release|Any CPU
		{37EDD75D-EAD0-451E-B2DE-A8D5D0CE43B5}.Release|Any CPU.Build.0 = Release|Any CPU
		{34B37F8B-73AA-4A0D-BA8C-3B0FC213D1B9}.Debug|Any CPU.ActiveCfg = Debug|Any CPU
		{34B37F8B-73AA-4A0D-BA8C-3B0FC213D1B9}.Debug|Any CPU.Build.0 = Debug|Any CPU
		{34B37F8B-73AA-4A0D-BA8C-3B0FC213D1B9}.Release|Any CPU.ActiveCfg = Release|Any CPU
		{34B37F8B-73AA-4A0D-BA8C-3B0FC213D1B9}.Release|Any CPU.Build.0 = Release|Any CPU
		{82DA2266-77CB-4989-891A-6C16699E0EBB}.Debug|Any CPU.ActiveCfg = Debug|Any CPU
		{82DA2266-77CB-4989-891A-6C16699E0EBB}.Debug|Any CPU.Build.0 = Debug|Any CPU
		{82DA2266-77CB-4989-891A-6C16699E0EBB}.Release|Any CPU.ActiveCfg = Release|Any CPU
		{82DA2266-77CB-4989-891A-6C16699E0EBB}.Release|Any CPU.Build.0 = Release|Any CPU
		{84E9E1F8-D8AC-4DF7-943F-E0278CF9653F}.Debug|Any CPU.ActiveCfg = Debug|Any CPU
		{84E9E1F8-D8AC-4DF7-943F-E0278CF9653F}.Debug|Any CPU.Build.0 = Debug|Any CPU
		{84E9E1F8-D8AC-4DF7-943F-E0278CF9653F}.Release|Any CPU.ActiveCfg = Release|Any CPU
		{84E9E1F8-D8AC-4DF7-943F-E0278CF9653F}.Release|Any CPU.Build.0 = Release|Any CPU
		{1C4F2B99-DDF2-4F6D-8E6A-BA9B21CE969A}.Debug|Any CPU.ActiveCfg = Debug|Any CPU
		{1C4F2B99-DDF2-4F6D-8E6A-BA9B21CE969A}.Debug|Any CPU.Build.0 = Debug|Any CPU
		{1C4F2B99-DDF2-4F6D-8E6A-BA9B21CE969A}.Release|Any CPU.ActiveCfg = Release|Any CPU
		{1C4F2B99-DDF2-4F6D-8E6A-BA9B21CE969A}.Release|Any CPU.Build.0 = Release|Any CPU
		{EAC4638B-875F-45C8-821A-8B0C174F9AA1}.Debug|Any CPU.ActiveCfg = Debug|Any CPU
		{EAC4638B-875F-45C8-821A-8B0C174F9AA1}.Debug|Any CPU.Build.0 = Debug|Any CPU
		{EAC4638B-875F-45C8-821A-8B0C174F9AA1}.Release|Any CPU.ActiveCfg = Release|Any CPU
		{EAC4638B-875F-45C8-821A-8B0C174F9AA1}.Release|Any CPU.Build.0 = Release|Any CPU
	EndGlobalSection
EndGlobal
